// !$*UTF8*$!
{
	archiveVersion = 1;
	classes = {
	};
	objectVersion = 46;
	objects = {

/* Begin PBXBuildFile section */
		C9A9FB971C08A2310008EB9D /* A0GoogleAuthenticator.m in Sources */ = {isa = PBXBuildFile; fileRef = C9A9FB941C08A2310008EB9D /* A0GoogleAuthenticator.m */; };
		C9A9FB981C08A2310008EB9D /* A0GoogleProvider.m in Sources */ = {isa = PBXBuildFile; fileRef = C9A9FB961C08A2310008EB9D /* A0GoogleProvider.m */; };
		DA8181BD91D7099B8ECC93CD /* Pods.framework in Frameworks */ = {isa = PBXBuildFile; fileRef = 3FF48107A67779B9F817E947 /* Pods.framework */; };
		F122F4891BE7E97E00CB3AB2 /* Obfuscator+Swift.m in Sources */ = {isa = PBXBuildFile; fileRef = F122F4881BE7E97E00CB3AB2 /* Obfuscator+Swift.m */; };
		F127E79E1C330C8E00F2ECAB /* ConnectViaThirdPartyAppsViewController.swift in Sources */ = {isa = PBXBuildFile; fileRef = F127E79D1C330C8E00F2ECAB /* ConnectViaThirdPartyAppsViewController.swift */; };
		F127E7A01C330CAB00F2ECAB /* BraintreeViewController.swift in Sources */ = {isa = PBXBuildFile; fileRef = F127E79F1C330CAB00F2ECAB /* BraintreeViewController.swift */; };
		F127E7A21C330CC900F2ECAB /* GoogleService-Info.plist in Resources */ = {isa = PBXBuildFile; fileRef = F127E7A11C330CC900F2ECAB /* GoogleService-Info.plist */; };
		F15AFE771CAECD6C00ACB3A8 /* A0TwitterAuthenticator.m in Sources */ = {isa = PBXBuildFile; fileRef = F15AFE761CAECD6C00ACB3A8 /* A0TwitterAuthenticator.m */; };
		F19195FA1CC1311B000495BB /* ResetPasswordViewController.swift in Sources */ = {isa = PBXBuildFile; fileRef = F19195F91CC1311B000495BB /* ResetPasswordViewController.swift */; };
		F19195FC1CC13A05000495BB /* IssueViewController.swift in Sources */ = {isa = PBXBuildFile; fileRef = F19195FB1CC13A05000495BB /* IssueViewController.swift */; };
		F19195FE1CC1600D000495BB /* TextViewController.swift in Sources */ = {isa = PBXBuildFile; fileRef = F19195FD1CC1600D000495BB /* TextViewController.swift */; };
		F19196001CC58E3F000495BB /* TransactionHistoryViewController.swift in Sources */ = {isa = PBXBuildFile; fileRef = F19195FF1CC58E3F000495BB /* TransactionHistoryViewController.swift */; };
		F19196021CC58E97000495BB /* Transaction.swift in Sources */ = {isa = PBXBuildFile; fileRef = F19196011CC58E97000495BB /* Transaction.swift */; };
		F19196041CC59DB9000495BB /* ShareViewController.swift in Sources */ = {isa = PBXBuildFile; fileRef = F19196031CC59DB9000495BB /* ShareViewController.swift */; };
		F1A25AC81CAEDF8E00BDDB3C /* BDBOAuth1Manager in Resources */ = {isa = PBXBuildFile; fileRef = F1A25AC71CAEDF8E00BDDB3C /* BDBOAuth1Manager */; };
		F1A25ACF1CAEE3DF00BDDB3C /* BDBOAuth1RequestSerializer.m in Sources */ = {isa = PBXBuildFile; fileRef = F1A25ACC1CAEE3DF00BDDB3C /* BDBOAuth1RequestSerializer.m */; };
		F1A25AD01CAEE3DF00BDDB3C /* BDBOAuth1SessionManager.m in Sources */ = {isa = PBXBuildFile; fileRef = F1A25ACE1CAEE3DF00BDDB3C /* BDBOAuth1SessionManager.m */; };
		F1A25AD61CAEE40500BDDB3C /* NSDictionary+BDBOAuth1Manager.m in Sources */ = {isa = PBXBuildFile; fileRef = F1A25AD31CAEE40500BDDB3C /* NSDictionary+BDBOAuth1Manager.m */; };
		F1A25AD71CAEE40500BDDB3C /* NSString+BDBOAuth1Manager.m in Sources */ = {isa = PBXBuildFile; fileRef = F1A25AD51CAEE40500BDDB3C /* NSString+BDBOAuth1Manager.m */; };
		F1A25AD91CB25FE300BDDB3C /* StripeViewController.swift in Sources */ = {isa = PBXBuildFile; fileRef = F1A25AD81CB25FE300BDDB3C /* StripeViewController.swift */; };
		F1A25ADF1CBBAD0A00BDDB3C /* GlobalPrefs.swift in Sources */ = {isa = PBXBuildFile; fileRef = F1A25ADE1CBBAD0A00BDDB3C /* GlobalPrefs.swift */; };
		F1BD518F1BEA26AE007FF026 /* SignUpViewController.swift in Sources */ = {isa = PBXBuildFile; fileRef = F1BD518E1BEA26AE007FF026 /* SignUpViewController.swift */; };
		F1BD51911BEA26E1007FF026 /* LogInViewController.swift in Sources */ = {isa = PBXBuildFile; fileRef = F1BD51901BEA26E1007FF026 /* LogInViewController.swift */; };
		F1BD51931BEA49A6007FF026 /* BaseUserInputViewController.swift in Sources */ = {isa = PBXBuildFile; fileRef = F1BD51921BEA49A6007FF026 /* BaseUserInputViewController.swift */; };
		F1CFC2111BCFF79100F5E2D8 /* AppDelegate.swift in Sources */ = {isa = PBXBuildFile; fileRef = F1CFC2101BCFF79100F5E2D8 /* AppDelegate.swift */; };
		F1CFC2161BCFF79100F5E2D8 /* Main.storyboard in Resources */ = {isa = PBXBuildFile; fileRef = F1CFC2141BCFF79100F5E2D8 /* Main.storyboard */; };
		F1CFC2181BCFF79100F5E2D8 /* Assets.xcassets in Resources */ = {isa = PBXBuildFile; fileRef = F1CFC2171BCFF79100F5E2D8 /* Assets.xcassets */; };
		F1CFC21B1BCFF79100F5E2D8 /* LaunchScreen.storyboard in Resources */ = {isa = PBXBuildFile; fileRef = F1CFC2191BCFF79100F5E2D8 /* LaunchScreen.storyboard */; };
		F1CFC2261BCFF79200F5E2D8 /* CryptTests.swift in Sources */ = {isa = PBXBuildFile; fileRef = F1CFC2251BCFF79200F5E2D8 /* CryptTests.swift */; };
		F1CFC2311BCFF79200F5E2D8 /* CryptUITests.swift in Sources */ = {isa = PBXBuildFile; fileRef = F1CFC2301BCFF79200F5E2D8 /* CryptUITests.swift */; };
		F1D59AA01BE4246000364642 /* App.swift in Sources */ = {isa = PBXBuildFile; fileRef = F1D59A9F1BE4246000364642 /* App.swift */; };
		F1E774451CCA421D009459C3 /* SelectReceiverViewController.swift in Sources */ = {isa = PBXBuildFile; fileRef = F1E774441CCA421D009459C3 /* SelectReceiverViewController.swift */; };
/* End PBXBuildFile section */

/* Begin PBXContainerItemProxy section */
		F1CFC2221BCFF79200F5E2D8 /* PBXContainerItemProxy */ = {
			isa = PBXContainerItemProxy;
			containerPortal = F1CFC2051BCFF79100F5E2D8 /* Project object */;
			proxyType = 1;
			remoteGlobalIDString = F1CFC20C1BCFF79100F5E2D8;
			remoteInfo = Crypt;
		};
		F1CFC22D1BCFF79200F5E2D8 /* PBXContainerItemProxy */ = {
			isa = PBXContainerItemProxy;
			containerPortal = F1CFC2051BCFF79100F5E2D8 /* Project object */;
			proxyType = 1;
			remoteGlobalIDString = F1CFC20C1BCFF79100F5E2D8;
			remoteInfo = Crypt;
		};
/* End PBXContainerItemProxy section */

/* Begin PBXFileReference section */
		1AA8AF1B6B7104301231BB0E /* Pods.debug.xcconfig */ = {isa = PBXFileReference; includeInIndex = 1; lastKnownFileType = text.xcconfig; name = Pods.debug.xcconfig; path = "Pods/Target Support Files/Pods/Pods.debug.xcconfig"; sourceTree = "<group>"; };
		3E406AF3C9BB3F55BCA14631 /* Pods.release.xcconfig */ = {isa = PBXFileReference; includeInIndex = 1; lastKnownFileType = text.xcconfig; name = Pods.release.xcconfig; path = "Pods/Target Support Files/Pods/Pods.release.xcconfig"; sourceTree = "<group>"; };
		3FF48107A67779B9F817E947 /* Pods.framework */ = {isa = PBXFileReference; explicitFileType = wrapper.framework; includeInIndex = 0; path = Pods.framework; sourceTree = BUILT_PRODUCTS_DIR; };
		C9A9FB931C08A2310008EB9D /* A0GoogleAuthenticator.h */ = {isa = PBXFileReference; fileEncoding = 4; lastKnownFileType = sourcecode.c.h; path = A0GoogleAuthenticator.h; sourceTree = "<group>"; };
		C9A9FB941C08A2310008EB9D /* A0GoogleAuthenticator.m */ = {isa = PBXFileReference; fileEncoding = 4; lastKnownFileType = sourcecode.c.objc; path = A0GoogleAuthenticator.m; sourceTree = "<group>"; };
		C9A9FB951C08A2310008EB9D /* A0GoogleProvider.h */ = {isa = PBXFileReference; fileEncoding = 4; lastKnownFileType = sourcecode.c.h; path = A0GoogleProvider.h; sourceTree = "<group>"; };
		C9A9FB961C08A2310008EB9D /* A0GoogleProvider.m */ = {isa = PBXFileReference; fileEncoding = 4; lastKnownFileType = sourcecode.c.objc; path = A0GoogleProvider.m; sourceTree = "<group>"; };
		F122F4861BE7E05300CB3AB2 /* Obfuscator.h */ = {isa = PBXFileReference; lastKnownFileType = sourcecode.c.h; name = Obfuscator.h; path = ../Pods/Obfuscator/Obfuscator/Obfuscator.h; sourceTree = "<group>"; };
		F122F4871BE7E97E00CB3AB2 /* Obfuscator+Swift.h */ = {isa = PBXFileReference; fileEncoding = 4; lastKnownFileType = sourcecode.c.h; path = "Obfuscator+Swift.h"; sourceTree = "<group>"; };
		F122F4881BE7E97E00CB3AB2 /* Obfuscator+Swift.m */ = {isa = PBXFileReference; fileEncoding = 4; lastKnownFileType = sourcecode.c.objc; path = "Obfuscator+Swift.m"; sourceTree = "<group>"; };
		F127E79D1C330C8E00F2ECAB /* ConnectViaThirdPartyAppsViewController.swift */ = {isa = PBXFileReference; fileEncoding = 4; lastKnownFileType = sourcecode.swift; path = ConnectViaThirdPartyAppsViewController.swift; sourceTree = "<group>"; };
		F127E79F1C330CAB00F2ECAB /* BraintreeViewController.swift */ = {isa = PBXFileReference; fileEncoding = 4; lastKnownFileType = sourcecode.swift; path = BraintreeViewController.swift; sourceTree = "<group>"; };
		F127E7A11C330CC900F2ECAB /* GoogleService-Info.plist */ = {isa = PBXFileReference; fileEncoding = 4; lastKnownFileType = text.plist.xml; path = "GoogleService-Info.plist"; sourceTree = "<group>"; };
		F15AFE761CAECD6C00ACB3A8 /* A0TwitterAuthenticator.m */ = {isa = PBXFileReference; fileEncoding = 4; lastKnownFileType = sourcecode.c.objc; path = A0TwitterAuthenticator.m; sourceTree = "<group>"; };
		F15AFE781CAECD8300ACB3A8 /* A0TwitterAuthenticator.h */ = {isa = PBXFileReference; lastKnownFileType = sourcecode.c.h; path = A0TwitterAuthenticator.h; sourceTree = "<group>"; };
		F19195F91CC1311B000495BB /* ResetPasswordViewController.swift */ = {isa = PBXFileReference; fileEncoding = 4; lastKnownFileType = sourcecode.swift; path = ResetPasswordViewController.swift; sourceTree = "<group>"; };
		F19195FB1CC13A05000495BB /* IssueViewController.swift */ = {isa = PBXFileReference; fileEncoding = 4; lastKnownFileType = sourcecode.swift; path = IssueViewController.swift; sourceTree = "<group>"; };
		F19195FD1CC1600D000495BB /* TextViewController.swift */ = {isa = PBXFileReference; fileEncoding = 4; lastKnownFileType = sourcecode.swift; path = TextViewController.swift; sourceTree = "<group>"; };
		F19195FF1CC58E3F000495BB /* TransactionHistoryViewController.swift */ = {isa = PBXFileReference; fileEncoding = 4; lastKnownFileType = sourcecode.swift; path = TransactionHistoryViewController.swift; sourceTree = "<group>"; };
		F19196011CC58E97000495BB /* Transaction.swift */ = {isa = PBXFileReference; fileEncoding = 4; lastKnownFileType = sourcecode.swift; path = Transaction.swift; sourceTree = "<group>"; };
		F19196031CC59DB9000495BB /* ShareViewController.swift */ = {isa = PBXFileReference; fileEncoding = 4; lastKnownFileType = sourcecode.swift; path = ShareViewController.swift; sourceTree = "<group>"; };
		F1A25AC71CAEDF8E00BDDB3C /* BDBOAuth1Manager */ = {isa = PBXFileReference; lastKnownFileType = folder; name = BDBOAuth1Manager; path = /Users/MacOwner/Documents/Crypt/Crypt/BDBOAuth1Manager; sourceTree = "<absolute>"; };
		F1A25ACB1CAEE3DF00BDDB3C /* BDBOAuth1RequestSerializer.h */ = {isa = PBXFileReference; fileEncoding = 4; lastKnownFileType = sourcecode.c.h; name = BDBOAuth1RequestSerializer.h; path = BDBOAuth1Manager/BDBOAuth1RequestSerializer.h; sourceTree = "<group>"; };
		F1A25ACC1CAEE3DF00BDDB3C /* BDBOAuth1RequestSerializer.m */ = {isa = PBXFileReference; fileEncoding = 4; lastKnownFileType = sourcecode.c.objc; name = BDBOAuth1RequestSerializer.m; path = BDBOAuth1Manager/BDBOAuth1RequestSerializer.m; sourceTree = "<group>"; };
		F1A25ACD1CAEE3DF00BDDB3C /* BDBOAuth1SessionManager.h */ = {isa = PBXFileReference; fileEncoding = 4; lastKnownFileType = sourcecode.c.h; name = BDBOAuth1SessionManager.h; path = BDBOAuth1Manager/BDBOAuth1SessionManager.h; sourceTree = "<group>"; };
		F1A25ACE1CAEE3DF00BDDB3C /* BDBOAuth1SessionManager.m */ = {isa = PBXFileReference; fileEncoding = 4; lastKnownFileType = sourcecode.c.objc; name = BDBOAuth1SessionManager.m; path = BDBOAuth1Manager/BDBOAuth1SessionManager.m; sourceTree = "<group>"; };
		F1A25AD21CAEE40500BDDB3C /* NSDictionary+BDBOAuth1Manager.h */ = {isa = PBXFileReference; fileEncoding = 4; lastKnownFileType = sourcecode.c.h; name = "NSDictionary+BDBOAuth1Manager.h"; path = "BDBOAuth1Manager/Categories/NSDictionary+BDBOAuth1Manager.h"; sourceTree = "<group>"; };
		F1A25AD31CAEE40500BDDB3C /* NSDictionary+BDBOAuth1Manager.m */ = {isa = PBXFileReference; fileEncoding = 4; lastKnownFileType = sourcecode.c.objc; name = "NSDictionary+BDBOAuth1Manager.m"; path = "BDBOAuth1Manager/Categories/NSDictionary+BDBOAuth1Manager.m"; sourceTree = "<group>"; };
		F1A25AD41CAEE40500BDDB3C /* NSString+BDBOAuth1Manager.h */ = {isa = PBXFileReference; fileEncoding = 4; lastKnownFileType = sourcecode.c.h; name = "NSString+BDBOAuth1Manager.h"; path = "BDBOAuth1Manager/Categories/NSString+BDBOAuth1Manager.h"; sourceTree = "<group>"; };
		F1A25AD51CAEE40500BDDB3C /* NSString+BDBOAuth1Manager.m */ = {isa = PBXFileReference; fileEncoding = 4; lastKnownFileType = sourcecode.c.objc; name = "NSString+BDBOAuth1Manager.m"; path = "BDBOAuth1Manager/Categories/NSString+BDBOAuth1Manager.m"; sourceTree = "<group>"; };
		F1A25AD81CB25FE300BDDB3C /* StripeViewController.swift */ = {isa = PBXFileReference; fileEncoding = 4; lastKnownFileType = sourcecode.swift; path = StripeViewController.swift; sourceTree = "<group>"; };
		F1A25ADE1CBBAD0A00BDDB3C /* GlobalPrefs.swift */ = {isa = PBXFileReference; fileEncoding = 4; lastKnownFileType = sourcecode.swift; path = GlobalPrefs.swift; sourceTree = "<group>"; };
		F1BD518E1BEA26AE007FF026 /* SignUpViewController.swift */ = {isa = PBXFileReference; fileEncoding = 4; lastKnownFileType = sourcecode.swift; path = SignUpViewController.swift; sourceTree = "<group>"; };
		F1BD51901BEA26E1007FF026 /* LogInViewController.swift */ = {isa = PBXFileReference; fileEncoding = 4; lastKnownFileType = sourcecode.swift; path = LogInViewController.swift; sourceTree = "<group>"; };
		F1BD51921BEA49A6007FF026 /* BaseUserInputViewController.swift */ = {isa = PBXFileReference; fileEncoding = 4; lastKnownFileType = sourcecode.swift; path = BaseUserInputViewController.swift; sourceTree = "<group>"; };
		F1CFC20D1BCFF79100F5E2D8 /* Crypt.app */ = {isa = PBXFileReference; explicitFileType = wrapper.application; includeInIndex = 0; path = Crypt.app; sourceTree = BUILT_PRODUCTS_DIR; };
		F1CFC2101BCFF79100F5E2D8 /* AppDelegate.swift */ = {isa = PBXFileReference; lastKnownFileType = sourcecode.swift; path = AppDelegate.swift; sourceTree = "<group>"; };
		F1CFC2151BCFF79100F5E2D8 /* Base */ = {isa = PBXFileReference; lastKnownFileType = file.storyboard; name = Base; path = Base.lproj/Main.storyboard; sourceTree = "<group>"; };
		F1CFC2171BCFF79100F5E2D8 /* Assets.xcassets */ = {isa = PBXFileReference; lastKnownFileType = folder.assetcatalog; path = Assets.xcassets; sourceTree = "<group>"; };
		F1CFC21A1BCFF79100F5E2D8 /* Base */ = {isa = PBXFileReference; lastKnownFileType = file.storyboard; name = Base; path = Base.lproj/LaunchScreen.storyboard; sourceTree = "<group>"; };
		F1CFC21C1BCFF79100F5E2D8 /* Info.plist */ = {isa = PBXFileReference; lastKnownFileType = text.plist.xml; path = Info.plist; sourceTree = "<group>"; };
		F1CFC2211BCFF79200F5E2D8 /* CryptTests.xctest */ = {isa = PBXFileReference; explicitFileType = wrapper.cfbundle; includeInIndex = 0; path = CryptTests.xctest; sourceTree = BUILT_PRODUCTS_DIR; };
		F1CFC2251BCFF79200F5E2D8 /* CryptTests.swift */ = {isa = PBXFileReference; lastKnownFileType = sourcecode.swift; path = CryptTests.swift; sourceTree = "<group>"; };
		F1CFC2271BCFF79200F5E2D8 /* Info.plist */ = {isa = PBXFileReference; lastKnownFileType = text.plist.xml; path = Info.plist; sourceTree = "<group>"; };
		F1CFC22C1BCFF79200F5E2D8 /* CryptUITests.xctest */ = {isa = PBXFileReference; explicitFileType = wrapper.cfbundle; includeInIndex = 0; path = CryptUITests.xctest; sourceTree = BUILT_PRODUCTS_DIR; };
		F1CFC2301BCFF79200F5E2D8 /* CryptUITests.swift */ = {isa = PBXFileReference; lastKnownFileType = sourcecode.swift; path = CryptUITests.swift; sourceTree = "<group>"; };
		F1CFC2321BCFF79200F5E2D8 /* Info.plist */ = {isa = PBXFileReference; lastKnownFileType = text.plist.xml; path = Info.plist; sourceTree = "<group>"; };
		F1D59A9F1BE4246000364642 /* App.swift */ = {isa = PBXFileReference; fileEncoding = 4; lastKnownFileType = sourcecode.swift; path = App.swift; sourceTree = "<group>"; };
		F1D59AA11BE7D39300364642 /* Crypt-Bridging-Header.h */ = {isa = PBXFileReference; lastKnownFileType = sourcecode.c.h; path = "Crypt-Bridging-Header.h"; sourceTree = "<group>"; };
		F1E774441CCA421D009459C3 /* SelectReceiverViewController.swift */ = {isa = PBXFileReference; fileEncoding = 4; lastKnownFileType = sourcecode.swift; path = SelectReceiverViewController.swift; sourceTree = "<group>"; };
/* End PBXFileReference section */

/* Begin PBXFrameworksBuildPhase section */
		F1CFC20A1BCFF79100F5E2D8 /* Frameworks */ = {
			isa = PBXFrameworksBuildPhase;
			buildActionMask = 2147483647;
			files = (
				DA8181BD91D7099B8ECC93CD /* Pods.framework in Frameworks */,
			);
			runOnlyForDeploymentPostprocessing = 0;
		};
		F1CFC21E1BCFF79200F5E2D8 /* Frameworks */ = {
			isa = PBXFrameworksBuildPhase;
			buildActionMask = 2147483647;
			files = (
			);
			runOnlyForDeploymentPostprocessing = 0;
		};
		F1CFC2291BCFF79200F5E2D8 /* Frameworks */ = {
			isa = PBXFrameworksBuildPhase;
			buildActionMask = 2147483647;
			files = (
			);
			runOnlyForDeploymentPostprocessing = 0;
		};
/* End PBXFrameworksBuildPhase section */

/* Begin PBXGroup section */
		3A13F7EFA10CC1C454E795D6 /* Pods */ = {
			isa = PBXGroup;
			children = (
				1AA8AF1B6B7104301231BB0E /* Pods.debug.xcconfig */,
				3E406AF3C9BB3F55BCA14631 /* Pods.release.xcconfig */,
			);
			name = Pods;
			sourceTree = "<group>";
		};
		7D78133B0CFE5A1F6AF96C3B /* Frameworks */ = {
			isa = PBXGroup;
			children = (
				3FF48107A67779B9F817E947 /* Pods.framework */,
			);
			name = Frameworks;
			sourceTree = "<group>";
		};
		F1A25ACA1CAEE3C900BDDB3C /* BOBOAuth1Manager */ = {
			isa = PBXGroup;
			children = (
				F1A25AD11CAEE3EB00BDDB3C /* Catagories */,
				F1A25ACB1CAEE3DF00BDDB3C /* BDBOAuth1RequestSerializer.h */,
				F1A25ACC1CAEE3DF00BDDB3C /* BDBOAuth1RequestSerializer.m */,
				F1A25ACD1CAEE3DF00BDDB3C /* BDBOAuth1SessionManager.h */,
				F1A25ACE1CAEE3DF00BDDB3C /* BDBOAuth1SessionManager.m */,
			);
			name = BOBOAuth1Manager;
			sourceTree = "<group>";
		};
		F1A25AD11CAEE3EB00BDDB3C /* Catagories */ = {
			isa = PBXGroup;
			children = (
				F1A25AD21CAEE40500BDDB3C /* NSDictionary+BDBOAuth1Manager.h */,
				F1A25AD31CAEE40500BDDB3C /* NSDictionary+BDBOAuth1Manager.m */,
				F1A25AD41CAEE40500BDDB3C /* NSString+BDBOAuth1Manager.h */,
				F1A25AD51CAEE40500BDDB3C /* NSString+BDBOAuth1Manager.m */,
			);
			name = Catagories;
			sourceTree = "<group>";
		};
		F1A25ADC1CBBABDB00BDDB3C /* Controllers */ = {
			isa = PBXGroup;
			children = (
				F1BD51921BEA49A6007FF026 /* BaseUserInputViewController.swift */,
				F127E79F1C330CAB00F2ECAB /* BraintreeViewController.swift */,
				F1A25AD81CB25FE300BDDB3C /* StripeViewController.swift */,
				F1BD518E1BEA26AE007FF026 /* SignUpViewController.swift */,
				F1BD51901BEA26E1007FF026 /* LogInViewController.swift */,
				F127E79D1C330C8E00F2ECAB /* ConnectViaThirdPartyAppsViewController.swift */,
				F19195F91CC1311B000495BB /* ResetPasswordViewController.swift */,
				F19195FB1CC13A05000495BB /* IssueViewController.swift */,
				F19195FD1CC1600D000495BB /* TextViewController.swift */,
				F19195FF1CC58E3F000495BB /* TransactionHistoryViewController.swift */,
				F19196031CC59DB9000495BB /* ShareViewController.swift */,
				F1E774441CCA421D009459C3 /* SelectReceiverViewController.swift */,
			);
			name = Controllers;
			sourceTree = "<group>";
		};
		F1A25ADD1CBBACD500BDDB3C /* models */ = {
			isa = PBXGroup;
			children = (
				F1A25ADE1CBBAD0A00BDDB3C /* GlobalPrefs.swift */,
				F19196011CC58E97000495BB /* Transaction.swift */,
			);
			name = models;
			sourceTree = "<group>";
		};
		F1BD519A1BEADE2C007FF026 /* External files */ = {
			isa = PBXGroup;
			children = (
				F1A25ACA1CAEE3C900BDDB3C /* BOBOAuth1Manager */,
				F122F4861BE7E05300CB3AB2 /* Obfuscator.h */,
				F122F4871BE7E97E00CB3AB2 /* Obfuscator+Swift.h */,
				F122F4881BE7E97E00CB3AB2 /* Obfuscator+Swift.m */,
				C9A9FB931C08A2310008EB9D /* A0GoogleAuthenticator.h */,
				C9A9FB941C08A2310008EB9D /* A0GoogleAuthenticator.m */,
				C9A9FB951C08A2310008EB9D /* A0GoogleProvider.h */,
				C9A9FB961C08A2310008EB9D /* A0GoogleProvider.m */,
				F1D59AA11BE7D39300364642 /* Crypt-Bridging-Header.h */,
				F127E7A11C330CC900F2ECAB /* GoogleService-Info.plist */,
				F15AFE781CAECD8300ACB3A8 /* A0TwitterAuthenticator.h */,
				F15AFE761CAECD6C00ACB3A8 /* A0TwitterAuthenticator.m */,
			);
			name = "External files";
			sourceTree = "<group>";
		};
		F1CFC2041BCFF79100F5E2D8 = {
			isa = PBXGroup;
			children = (
				F1CFC20F1BCFF79100F5E2D8 /* Crypt */,
				F1CFC2241BCFF79200F5E2D8 /* CryptTests */,
				F1CFC22F1BCFF79200F5E2D8 /* CryptUITests */,
				F1CFC20E1BCFF79100F5E2D8 /* Products */,
				3A13F7EFA10CC1C454E795D6 /* Pods */,
				7D78133B0CFE5A1F6AF96C3B /* Frameworks */,
			);
			sourceTree = "<group>";
		};
		F1CFC20E1BCFF79100F5E2D8 /* Products */ = {
			isa = PBXGroup;
			children = (
				F1CFC20D1BCFF79100F5E2D8 /* Crypt.app */,
				F1CFC2211BCFF79200F5E2D8 /* CryptTests.xctest */,
				F1CFC22C1BCFF79200F5E2D8 /* CryptUITests.xctest */,
			);
			name = Products;
			sourceTree = "<group>";
		};
		F1CFC20F1BCFF79100F5E2D8 /* Crypt */ = {
			isa = PBXGroup;
			children = (
				F1A25ADD1CBBACD500BDDB3C /* models */,
				F1CFC2101BCFF79100F5E2D8 /* AppDelegate.swift */,
				F1D59A9F1BE4246000364642 /* App.swift */,
				F1A25ADC1CBBABDB00BDDB3C /* Controllers */,
				F1CFC2141BCFF79100F5E2D8 /* Main.storyboard */,
				F1CFC2171BCFF79100F5E2D8 /* Assets.xcassets */,
				F1CFC2191BCFF79100F5E2D8 /* LaunchScreen.storyboard */,
				F1CFC21C1BCFF79100F5E2D8 /* Info.plist */,
				F1BD519A1BEADE2C007FF026 /* External files */,
			);
			path = Crypt;
			sourceTree = "<group>";
		};
		F1CFC2241BCFF79200F5E2D8 /* CryptTests */ = {
			isa = PBXGroup;
			children = (
				F1CFC2251BCFF79200F5E2D8 /* CryptTests.swift */,
				F1CFC2271BCFF79200F5E2D8 /* Info.plist */,
			);
			path = CryptTests;
			sourceTree = "<group>";
		};
		F1CFC22F1BCFF79200F5E2D8 /* CryptUITests */ = {
			isa = PBXGroup;
			children = (
				F1CFC2301BCFF79200F5E2D8 /* CryptUITests.swift */,
				F1CFC2321BCFF79200F5E2D8 /* Info.plist */,
			);
			path = CryptUITests;
			sourceTree = "<group>";
		};
/* End PBXGroup section */

/* Begin PBXNativeTarget section */
		F1CFC20C1BCFF79100F5E2D8 /* Crypt */ = {
			isa = PBXNativeTarget;
			buildConfigurationList = F1CFC2351BCFF79200F5E2D8 /* Build configuration list for PBXNativeTarget "Crypt" */;
			buildPhases = (
				DB007253F11756C4CA671E8F /* Check Pods Manifest.lock */,
				F1CFC2091BCFF79100F5E2D8 /* Sources */,
				F1CFC20A1BCFF79100F5E2D8 /* Frameworks */,
				F1CFC20B1BCFF79100F5E2D8 /* Resources */,
				2E986F59CDB8A379A0A1F377 /* Embed Pods Frameworks */,
				142F98B60BEA331018DC371A /* Copy Pods Resources */,
				F19196051CC64321000495BB /* ShellScript */,
			);
			buildRules = (
			);
			dependencies = (
			);
			name = Crypt;
			productName = Crypt;
			productReference = F1CFC20D1BCFF79100F5E2D8 /* Crypt.app */;
			productType = "com.apple.product-type.application";
		};
		F1CFC2201BCFF79200F5E2D8 /* CryptTests */ = {
			isa = PBXNativeTarget;
			buildConfigurationList = F1CFC2381BCFF79200F5E2D8 /* Build configuration list for PBXNativeTarget "CryptTests" */;
			buildPhases = (
				F1CFC21D1BCFF79200F5E2D8 /* Sources */,
				F1CFC21E1BCFF79200F5E2D8 /* Frameworks */,
				F1CFC21F1BCFF79200F5E2D8 /* Resources */,
			);
			buildRules = (
			);
			dependencies = (
				F1CFC2231BCFF79200F5E2D8 /* PBXTargetDependency */,
			);
			name = CryptTests;
			productName = CryptTests;
			productReference = F1CFC2211BCFF79200F5E2D8 /* CryptTests.xctest */;
			productType = "com.apple.product-type.bundle.unit-test";
		};
		F1CFC22B1BCFF79200F5E2D8 /* CryptUITests */ = {
			isa = PBXNativeTarget;
			buildConfigurationList = F1CFC23B1BCFF79200F5E2D8 /* Build configuration list for PBXNativeTarget "CryptUITests" */;
			buildPhases = (
				F1CFC2281BCFF79200F5E2D8 /* Sources */,
				F1CFC2291BCFF79200F5E2D8 /* Frameworks */,
				F1CFC22A1BCFF79200F5E2D8 /* Resources */,
			);
			buildRules = (
			);
			dependencies = (
				F1CFC22E1BCFF79200F5E2D8 /* PBXTargetDependency */,
			);
			name = CryptUITests;
			productName = CryptUITests;
			productReference = F1CFC22C1BCFF79200F5E2D8 /* CryptUITests.xctest */;
			productType = "com.apple.product-type.bundle.ui-testing";
		};
/* End PBXNativeTarget section */

/* Begin PBXProject section */
		F1CFC2051BCFF79100F5E2D8 /* Project object */ = {
			isa = PBXProject;
			attributes = {
				LastUpgradeCheck = 0700;
				ORGANIZATIONNAME = "Crypt transfer";
				TargetAttributes = {
					F1CFC20C1BCFF79100F5E2D8 = {
						CreatedOnToolsVersion = 7.0.1;
					};
					F1CFC2201BCFF79200F5E2D8 = {
						CreatedOnToolsVersion = 7.0.1;
						TestTargetID = F1CFC20C1BCFF79100F5E2D8;
					};
					F1CFC22B1BCFF79200F5E2D8 = {
						CreatedOnToolsVersion = 7.0.1;
						TestTargetID = F1CFC20C1BCFF79100F5E2D8;
					};
				};
			};
			buildConfigurationList = F1CFC2081BCFF79100F5E2D8 /* Build configuration list for PBXProject "Crypt" */;
			compatibilityVersion = "Xcode 3.2";
			developmentRegion = English;
			hasScannedForEncodings = 0;
			knownRegions = (
				en,
				Base,
			);
			mainGroup = F1CFC2041BCFF79100F5E2D8;
			productRefGroup = F1CFC20E1BCFF79100F5E2D8 /* Products */;
			projectDirPath = "";
			projectRoot = "";
			targets = (
				F1CFC20C1BCFF79100F5E2D8 /* Crypt */,
				F1CFC2201BCFF79200F5E2D8 /* CryptTests */,
				F1CFC22B1BCFF79200F5E2D8 /* CryptUITests */,
			);
		};
/* End PBXProject section */

/* Begin PBXResourcesBuildPhase section */
		F1CFC20B1BCFF79100F5E2D8 /* Resources */ = {
			isa = PBXResourcesBuildPhase;
			buildActionMask = 2147483647;
			files = (
				F1CFC21B1BCFF79100F5E2D8 /* LaunchScreen.storyboard in Resources */,
				F127E7A21C330CC900F2ECAB /* GoogleService-Info.plist in Resources */,
				F1CFC2181BCFF79100F5E2D8 /* Assets.xcassets in Resources */,
				F1A25AC81CAEDF8E00BDDB3C /* BDBOAuth1Manager in Resources */,
				F1CFC2161BCFF79100F5E2D8 /* Main.storyboard in Resources */,
			);
			runOnlyForDeploymentPostprocessing = 0;
		};
		F1CFC21F1BCFF79200F5E2D8 /* Resources */ = {
			isa = PBXResourcesBuildPhase;
			buildActionMask = 2147483647;
			files = (
			);
			runOnlyForDeploymentPostprocessing = 0;
		};
		F1CFC22A1BCFF79200F5E2D8 /* Resources */ = {
			isa = PBXResourcesBuildPhase;
			buildActionMask = 2147483647;
			files = (
			);
			runOnlyForDeploymentPostprocessing = 0;
		};
/* End PBXResourcesBuildPhase section */

/* Begin PBXShellScriptBuildPhase section */
		142F98B60BEA331018DC371A /* Copy Pods Resources */ = {
			isa = PBXShellScriptBuildPhase;
			buildActionMask = 2147483647;
			files = (
			);
			inputPaths = (
			);
			name = "Copy Pods Resources";
			outputPaths = (
			);
			runOnlyForDeploymentPostprocessing = 0;
			shellPath = /bin/sh;
			shellScript = "\"${SRCROOT}/Pods/Target Support Files/Pods/Pods-resources.sh\"\n";
			showEnvVarsInLog = 0;
		};
		2E986F59CDB8A379A0A1F377 /* Embed Pods Frameworks */ = {
			isa = PBXShellScriptBuildPhase;
			buildActionMask = 2147483647;
			files = (
			);
			inputPaths = (
			);
			name = "Embed Pods Frameworks";
			outputPaths = (
			);
			runOnlyForDeploymentPostprocessing = 0;
			shellPath = /bin/sh;
			shellScript = "\"${SRCROOT}/Pods/Target Support Files/Pods/Pods-frameworks.sh\"\n";
			showEnvVarsInLog = 0;
		};
		DB007253F11756C4CA671E8F /* Check Pods Manifest.lock */ = {
			isa = PBXShellScriptBuildPhase;
			buildActionMask = 2147483647;
			files = (
			);
			inputPaths = (
			);
			name = "Check Pods Manifest.lock";
			outputPaths = (
			);
			runOnlyForDeploymentPostprocessing = 0;
			shellPath = /bin/sh;
			shellScript = "diff \"${PODS_ROOT}/../Podfile.lock\" \"${PODS_ROOT}/Manifest.lock\" > /dev/null\nif [[ $? != 0 ]] ; then\n    cat << EOM\nerror: The sandbox is not in sync with the Podfile.lock. Run 'pod install' or update your CocoaPods installation.\nEOM\n    exit 1\nfi\n";
			showEnvVarsInLog = 0;
		};
		F19196051CC64321000495BB /* ShellScript */ = {
			isa = PBXShellScriptBuildPhase;
			buildActionMask = 2147483647;
			files = (
			);
			inputPaths = (
			);
			outputPaths = (
			);
			runOnlyForDeploymentPostprocessing = 0;
			shellPath = /bin/sh;
			shellScript = "\"${PODS_ROOT}/Fabric/run\" f0b51d492071ed53ca12a17e5d1bba18772368f4 4cc9f983952d469c1d80d0066e8fd735da0e7df0f76e923e19e5f6282d28920a";
		};
/* End PBXShellScriptBuildPhase section */

/* Begin PBXSourcesBuildPhase section */
		F1CFC2091BCFF79100F5E2D8 /* Sources */ = {
			isa = PBXSourcesBuildPhase;
			buildActionMask = 2147483647;
			files = (
				F19196021CC58E97000495BB /* Transaction.swift in Sources */,
				F1A25ACF1CAEE3DF00BDDB3C /* BDBOAuth1RequestSerializer.m in Sources */,
				F1BD518F1BEA26AE007FF026 /* SignUpViewController.swift in Sources */,
				F15AFE771CAECD6C00ACB3A8 /* A0TwitterAuthenticator.m in Sources */,
				F1BD51911BEA26E1007FF026 /* LogInViewController.swift in Sources */,
				C9A9FB971C08A2310008EB9D /* A0GoogleAuthenticator.m in Sources */,
				F122F4891BE7E97E00CB3AB2 /* Obfuscator+Swift.m in Sources */,
				F1A25AD01CAEE3DF00BDDB3C /* BDBOAuth1SessionManager.m in Sources */,
				F127E79E1C330C8E00F2ECAB /* ConnectViaThirdPartyAppsViewController.swift in Sources */,
				F127E7A01C330CAB00F2ECAB /* BraintreeViewController.swift in Sources */,
				F19195FA1CC1311B000495BB /* ResetPasswordViewController.swift in Sources */,
				F1D59AA01BE4246000364642 /* App.swift in Sources */,
				F19196041CC59DB9000495BB /* ShareViewController.swift in Sources */,
				F1E774451CCA421D009459C3 /* SelectReceiverViewController.swift in Sources */,
				F1A25AD91CB25FE300BDDB3C /* StripeViewController.swift in Sources */,
				F1CFC2111BCFF79100F5E2D8 /* AppDelegate.swift in Sources */,
				C9A9FB981C08A2310008EB9D /* A0GoogleProvider.m in Sources */,
				F1A25AD61CAEE40500BDDB3C /* NSDictionary+BDBOAuth1Manager.m in Sources */,
				F19195FE1CC1600D000495BB /* TextViewController.swift in Sources */,
				F1A25ADF1CBBAD0A00BDDB3C /* GlobalPrefs.swift in Sources */,
				F19195FC1CC13A05000495BB /* IssueViewController.swift in Sources */,
				F1A25AD71CAEE40500BDDB3C /* NSString+BDBOAuth1Manager.m in Sources */,
				F19196001CC58E3F000495BB /* TransactionHistoryViewController.swift in Sources */,
				F1BD51931BEA49A6007FF026 /* BaseUserInputViewController.swift in Sources */,
			);
			runOnlyForDeploymentPostprocessing = 0;
		};
		F1CFC21D1BCFF79200F5E2D8 /* Sources */ = {
			isa = PBXSourcesBuildPhase;
			buildActionMask = 2147483647;
			files = (
				F1CFC2261BCFF79200F5E2D8 /* CryptTests.swift in Sources */,
			);
			runOnlyForDeploymentPostprocessing = 0;
		};
		F1CFC2281BCFF79200F5E2D8 /* Sources */ = {
			isa = PBXSourcesBuildPhase;
			buildActionMask = 2147483647;
			files = (
				F1CFC2311BCFF79200F5E2D8 /* CryptUITests.swift in Sources */,
			);
			runOnlyForDeploymentPostprocessing = 0;
		};
/* End PBXSourcesBuildPhase section */

/* Begin PBXTargetDependency section */
		F1CFC2231BCFF79200F5E2D8 /* PBXTargetDependency */ = {
			isa = PBXTargetDependency;
			target = F1CFC20C1BCFF79100F5E2D8 /* Crypt */;
			targetProxy = F1CFC2221BCFF79200F5E2D8 /* PBXContainerItemProxy */;
		};
		F1CFC22E1BCFF79200F5E2D8 /* PBXTargetDependency */ = {
			isa = PBXTargetDependency;
			target = F1CFC20C1BCFF79100F5E2D8 /* Crypt */;
			targetProxy = F1CFC22D1BCFF79200F5E2D8 /* PBXContainerItemProxy */;
		};
/* End PBXTargetDependency section */

/* Begin PBXVariantGroup section */
		F1CFC2141BCFF79100F5E2D8 /* Main.storyboard */ = {
			isa = PBXVariantGroup;
			children = (
				F1CFC2151BCFF79100F5E2D8 /* Base */,
			);
			name = Main.storyboard;
			sourceTree = "<group>";
		};
		F1CFC2191BCFF79100F5E2D8 /* LaunchScreen.storyboard */ = {
			isa = PBXVariantGroup;
			children = (
				F1CFC21A1BCFF79100F5E2D8 /* Base */,
			);
			name = LaunchScreen.storyboard;
			sourceTree = "<group>";
		};
/* End PBXVariantGroup section */

/* Begin XCBuildConfiguration section */
		F1CFC2331BCFF79200F5E2D8 /* Debug */ = {
			isa = XCBuildConfiguration;
			buildSettings = {
				ALWAYS_SEARCH_USER_PATHS = NO;
				CLANG_ALLOW_NON_MODULAR_INCLUDES_IN_FRAMEWORK_MODULES = YES;
				CLANG_CXX_LANGUAGE_STANDARD = "gnu++0x";
				CLANG_CXX_LIBRARY = "libc++";
				CLANG_ENABLE_MODULES = YES;
				CLANG_ENABLE_OBJC_ARC = YES;
				CLANG_WARN_BOOL_CONVERSION = YES;
				CLANG_WARN_CONSTANT_CONVERSION = YES;
				CLANG_WARN_DIRECT_OBJC_ISA_USAGE = YES_ERROR;
				CLANG_WARN_EMPTY_BODY = YES;
				CLANG_WARN_ENUM_CONVERSION = YES;
				CLANG_WARN_INT_CONVERSION = YES;
				CLANG_WARN_OBJC_ROOT_CLASS = YES_ERROR;
				CLANG_WARN_UNREACHABLE_CODE = YES;
				CLANG_WARN__DUPLICATE_METHOD_MATCH = YES;
				"CODE_SIGN_IDENTITY[sdk=iphoneos*]" = "iPhone Developer";
				COPY_PHASE_STRIP = NO;
				DEBUG_INFORMATION_FORMAT = dwarf;
				ENABLE_STRICT_OBJC_MSGSEND = YES;
				ENABLE_TESTABILITY = YES;
				GCC_C_LANGUAGE_STANDARD = gnu99;
				GCC_DYNAMIC_NO_PIC = NO;
				GCC_NO_COMMON_BLOCKS = YES;
				GCC_OPTIMIZATION_LEVEL = 0;
				GCC_PREPROCESSOR_DEFINITIONS = (
					"DEBUG=1",
					"$(inherited)",
				);
				GCC_WARN_64_TO_32_BIT_CONVERSION = YES;
				GCC_WARN_ABOUT_RETURN_TYPE = YES_ERROR;
				GCC_WARN_UNDECLARED_SELECTOR = YES;
				GCC_WARN_UNINITIALIZED_AUTOS = YES_AGGRESSIVE;
				GCC_WARN_UNUSED_FUNCTION = YES;
				GCC_WARN_UNUSED_VARIABLE = YES;
				IPHONEOS_DEPLOYMENT_TARGET = 9.0;
				MTL_ENABLE_DEBUG_INFO = YES;
				ONLY_ACTIVE_ARCH = YES;
				SDKROOT = iphoneos;
				SWIFT_OPTIMIZATION_LEVEL = "-Onone";
				TARGETED_DEVICE_FAMILY = "1,2";
			};
			name = Debug;
		};
		F1CFC2341BCFF79200F5E2D8 /* Release */ = {
			isa = XCBuildConfiguration;
			buildSettings = {
				ALWAYS_SEARCH_USER_PATHS = NO;
				CLANG_ALLOW_NON_MODULAR_INCLUDES_IN_FRAMEWORK_MODULES = YES;
				CLANG_CXX_LANGUAGE_STANDARD = "gnu++0x";
				CLANG_CXX_LIBRARY = "libc++";
				CLANG_ENABLE_MODULES = YES;
				CLANG_ENABLE_OBJC_ARC = YES;
				CLANG_WARN_BOOL_CONVERSION = YES;
				CLANG_WARN_CONSTANT_CONVERSION = YES;
				CLANG_WARN_DIRECT_OBJC_ISA_USAGE = YES_ERROR;
				CLANG_WARN_EMPTY_BODY = YES;
				CLANG_WARN_ENUM_CONVERSION = YES;
				CLANG_WARN_INT_CONVERSION = YES;
				CLANG_WARN_OBJC_ROOT_CLASS = YES_ERROR;
				CLANG_WARN_UNREACHABLE_CODE = YES;
				CLANG_WARN__DUPLICATE_METHOD_MATCH = YES;
				"CODE_SIGN_IDENTITY[sdk=iphoneos*]" = "iPhone Developer";
				COPY_PHASE_STRIP = NO;
				DEBUG_INFORMATION_FORMAT = "dwarf-with-dsym";
				ENABLE_NS_ASSERTIONS = NO;
				ENABLE_STRICT_OBJC_MSGSEND = YES;
				GCC_C_LANGUAGE_STANDARD = gnu99;
				GCC_NO_COMMON_BLOCKS = YES;
				GCC_WARN_64_TO_32_BIT_CONVERSION = YES;
				GCC_WARN_ABOUT_RETURN_TYPE = YES_ERROR;
				GCC_WARN_UNDECLARED_SELECTOR = YES;
				GCC_WARN_UNINITIALIZED_AUTOS = YES_AGGRESSIVE;
				GCC_WARN_UNUSED_FUNCTION = YES;
				GCC_WARN_UNUSED_VARIABLE = YES;
				IPHONEOS_DEPLOYMENT_TARGET = 9.0;
				MTL_ENABLE_DEBUG_INFO = NO;
				SDKROOT = iphoneos;
				TARGETED_DEVICE_FAMILY = "1,2";
				VALIDATE_PRODUCT = YES;
			};
			name = Release;
		};
		F1CFC2361BCFF79200F5E2D8 /* Debug */ = {
			isa = XCBuildConfiguration;
			baseConfigurationReference = 1AA8AF1B6B7104301231BB0E /* Pods.debug.xcconfig */;
			buildSettings = {
				ASSETCATALOG_COMPILER_APPICON_NAME = AppIcon;
				CLANG_ALLOW_NON_MODULAR_INCLUDES_IN_FRAMEWORK_MODULES = YES;
				INFOPLIST_FILE = Crypt/Info.plist;
				LD_RUNPATH_SEARCH_PATHS = "$(inherited) @executable_path/Frameworks";
				PRODUCT_BUNDLE_IDENTIFIER = com.crypttransfer.Crypt;
				PRODUCT_NAME = "$(TARGET_NAME)";
				SWIFT_OBJC_BRIDGING_HEADER = "Crypt/Crypt-Bridging-Header.h";
			};
			name = Debug;
		};
		F1CFC2371BCFF79200F5E2D8 /* Release */ = {
			isa = XCBuildConfiguration;
			baseConfigurationReference = 3E406AF3C9BB3F55BCA14631 /* Pods.release.xcconfig */;
			buildSettings = {
				ASSETCATALOG_COMPILER_APPICON_NAME = AppIcon;
				CLANG_ALLOW_NON_MODULAR_INCLUDES_IN_FRAMEWORK_MODULES = YES;
				INFOPLIST_FILE = Crypt/Info.plist;
				LD_RUNPATH_SEARCH_PATHS = "$(inherited) @executable_path/Frameworks";
				PRODUCT_BUNDLE_IDENTIFIER = com.crypttransfer.Crypt;
				PRODUCT_NAME = "$(TARGET_NAME)";
				SWIFT_OBJC_BRIDGING_HEADER = "Crypt/Crypt-Bridging-Header.h";
			};
			name = Release;
		};
		F1CFC2391BCFF79200F5E2D8 /* Debug */ = {
			isa = XCBuildConfiguration;
			buildSettings = {
				BUNDLE_LOADER = "$(TEST_HOST)";
				INFOPLIST_FILE = CryptTests/Info.plist;
				LD_RUNPATH_SEARCH_PATHS = "$(inherited) @executable_path/Frameworks @loader_path/Frameworks";
				PRODUCT_BUNDLE_IDENTIFIER = com.crypttransfer.CryptTests;
				PRODUCT_NAME = "$(TARGET_NAME)";
				TEST_HOST = "$(BUILT_PRODUCTS_DIR)/Crypt.app/Crypt";
			};
			name = Debug;
		};
		F1CFC23A1BCFF79200F5E2D8 /* Release */ = {
			isa = XCBuildConfiguration;
			buildSettings = {
				BUNDLE_LOADER = "$(TEST_HOST)";
				INFOPLIST_FILE = CryptTests/Info.plist;
				LD_RUNPATH_SEARCH_PATHS = "$(inherited) @executable_path/Frameworks @loader_path/Frameworks";
				PRODUCT_BUNDLE_IDENTIFIER = com.crypttransfer.CryptTests;
				PRODUCT_NAME = "$(TARGET_NAME)";
				TEST_HOST = "$(BUILT_PRODUCTS_DIR)/Crypt.app/Crypt";
			};
			name = Release;
		};
		F1CFC23C1BCFF79200F5E2D8 /* Debug */ = {
			isa = XCBuildConfiguration;
			buildSettings = {
				INFOPLIST_FILE = CryptUITests/Info.plist;
				LD_RUNPATH_SEARCH_PATHS = "$(inherited) @executable_path/Frameworks @loader_path/Frameworks";
				PRODUCT_BUNDLE_IDENTIFIER = com.crypttransfer.CryptUITests;
				PRODUCT_NAME = "$(TARGET_NAME)";
				TEST_TARGET_NAME = Crypt;
				USES_XCTRUNNER = YES;
			};
			name = Debug;
		};
		F1CFC23D1BCFF79200F5E2D8 /* Release */ = {
			isa = XCBuildConfiguration;
			buildSettings = {
				INFOPLIST_FILE = CryptUITests/Info.plist;
				LD_RUNPATH_SEARCH_PATHS = "$(inherited) @executable_path/Frameworks @loader_path/Frameworks";
				PRODUCT_BUNDLE_IDENTIFIER = com.crypttransfer.CryptUITests;
				PRODUCT_NAME = "$(TARGET_NAME)";
				TEST_TARGET_NAME = Crypt;
				USES_XCTRUNNER = YES;
			};
			name = Release;
		};
/* End XCBuildConfiguration section */

/* Begin XCConfigurationList section */
		F1CFC2081BCFF79100F5E2D8 /* Build configuration list for PBXProject "Crypt" */ = {
			isa = XCConfigurationList;
			buildConfigurations = (
				F1CFC2331BCFF79200F5E2D8 /* Debug */,
				F1CFC2341BCFF79200F5E2D8 /* Release */,
			);
			defaultConfigurationIsVisible = 0;
			defaultConfigurationName = Release;
		};
		F1CFC2351BCFF79200F5E2D8 /* Build configuration list for PBXNativeTarget "Crypt" */ = {
			isa = XCConfigurationList;
			buildConfigurations = (
				F1CFC2361BCFF79200F5E2D8 /* Debug */,
				F1CFC2371BCFF79200F5E2D8 /* Release */,
			);
			defaultConfigurationIsVisible = 0;
			defaultConfigurationName = Release;
		};
		F1CFC2381BCFF79200F5E2D8 /* Build configuration list for PBXNativeTarget "CryptTests" */ = {
			isa = XCConfigurationList;
			buildConfigurations = (
				F1CFC2391BCFF79200F5E2D8 /* Debug */,
				F1CFC23A1BCFF79200F5E2D8 /* Release */,
			);
			defaultConfigurationIsVisible = 0;
			defaultConfigurationName = Release;
		};
		F1CFC23B1BCFF79200F5E2D8 /* Build configuration list for PBXNativeTarget "CryptUITests" */ = {
			isa = XCConfigurationList;
			buildConfigurations = (
				F1CFC23C1BCFF79200F5E2D8 /* Debug */,
				F1CFC23D1BCFF79200F5E2D8 /* Release */,
			);
			defaultConfigurationIsVisible = 0;
			defaultConfigurationName = Release;
		};
/* End XCConfigurationList section */
	};
	rootObject = F1CFC2051BCFF79100F5E2D8 /* Project object */;
}
